{
  "name": "Quicklearn",
  "lockfileVersion": 3,
  "requires": true,
  "packages": {
    "": {
      "dependencies": {
        "@mediapipe/tasks-genai": "^0.10.23"
      }
    },
    "node_modules/@mediapipe/tasks-genai": {
      "version": "0.10.23",
      "resolved": "https://registry.npmjs.org/@mediapipe/tasks-genai/-/tasks-genai-0.10.23.tgz",
      "integrity": "sha512-3ApFdNBlsTa8rxok5+kyEmQscTEqdm/9THwCSmb6xz5uvf7v5zK5hHuIEzHdWDv00pTytg1KDWIWAvLyijr9uw=="
    }
  }
}
